
Microsoft Visual Studio Solution File, Format Version 12.00
# Visual Studio 15
VisualStudioVersion = 15.0.28307.779
MinimumVisualStudioVersion = 10.0.40219.1
Project("{FAE04EC0-301F-11D3-BF4B-00C04F79EFBC}") = "HumanResource", "HumanResource\HumanResource.csproj", "{B5B16065-2C59-4111-8398-4728EC33EE8F}"
EndProject
Global
	GlobalSection(SolutionConfigurationPlatforms) = preSolution
		Debug|Any CPU = Debug|Any CPU
		Release|Any CPU = Release|Any CPU
	EndGlobalSection
	GlobalSection(ProjectConfigurationPlatforms) = postSolution
		{B5B16065-2C59-4111-8398-4728EC33EE8F}.Debug|Any CPU.ActiveCfg = Debug|Any CPU
		{B5B16065-2C59-4111-8398-4728EC33EE8F}.Debug|Any CPU.Build.0 = Debug|Any CPU
		{B5B16065-2C59-4111-8398-4728EC33EE8F}.Release|Any CPU.ActiveCfg = Release|Any CPU
		{B5B16065-2C59-4111-8398-4728EC33EE8F}.Release|Any CPU.Build.0 = Release|Any CPU
	EndGlobalSection
	GlobalSection(SolutionProperties) = preSolution
		HideSolutionNode = FALSE
	EndGlobalSection
	GlobalSection(ExtensibilityGlobals) = postSolution
		SolutionGuid = {6E741B6A-D59F-4B29-9ED4-519A3842E0D1}
	EndGlobalSection
EndGlobal
